
Microsoft Visual Studio Solution File, Format Version 11.00
# Visual Studio 2010
Project("{FAE04EC0-301F-11D3-BF4B-00C04F79EFBC}") = "Assembly-CSharp", "Assembly-CSharp.csproj", "{56daa34a-757d-340e-a473-fcffa7407923}"
EndProject
Project("{FAE04EC0-301F-11D3-BF4B-00C04F79EFBC}") = "Assembly-CSharp-Editor-firstpass", "Assembly-CSharp-Editor-firstpass.csproj", "{8ddb8321-6137-ce4a-69d2-acd471be0acb}"
EndProject
Global
	GlobalSection(SolutionConfigurationPlatforms) = preSolution
		Debug|Any CPU = Debug|Any CPU
	EndGlobalSection
	GlobalSection(ProjectConfigurationPlatforms) = postSolution
		{56daa34a-757d-340e-a473-fcffa7407923}.Debug|Any CPU.ActiveCfg = Debug|Any CPU
		{56daa34a-757d-340e-a473-fcffa7407923}.Debug|Any CPU.Build.0 = Debug|Any CPU
		{8ddb8321-6137-ce4a-69d2-acd471be0acb}.Debug|Any CPU.ActiveCfg = Debug|Any CPU
		{8ddb8321-6137-ce4a-69d2-acd471be0acb}.Debug|Any CPU.Build.0 = Debug|Any CPU
	EndGlobalSection
	GlobalSection(SolutionProperties) = preSolution
		HideSolutionNode = FALSE
	EndGlobalSection
EndGlobal
